# This file is autogenerated, do not edit; changes may be undone by the next 'dep ensure'.


[[projects]]
  branch = "master"
  name = "github.com/function61/pi-security-module"
  packages = ["pkg/systemdinstaller"]
  revision = "fbe368f7c625ef0fa817d301556f885671cc10ee"

[[projects]]
  branch = "master"
  name = "golang.org/x/crypto"
  packages = [
    "curve25519",
    "ed25519",
    "ed25519/internal/edwards25519",
    "internal/chacha20",
    "internal/subtle",
    "poly1305",
    "ssh"
  ]
  revision = "0709b304e793a5edb4a2c0145f281ecdc20838a4"

[solve-meta]
  analyzer-name = "dep"
  analyzer-version = 1
  inputs-digest = "530db45bda5e8c91f961776a081929c922119617ccfa1a061be666099641d255"
  solver-name = "gps-cdcl"
  solver-version = 1
