# This file is autogenerated, do not edit; changes may be undone by the next 'dep ensure'.


[[projects]]
  branch = "master"
  digest = "1:ec1f06e86faa39c0e931a058ceb8e921c414ed38739de8aa9943dc0e0493e0bf"
  name = "github.com/function61/gokit"
  packages = [
    "atomicfilewrite",
    "backoff",
    "bidipipe",
    "dynversion",
    "jsonfile",
    "logex",
    "ossignal",
    "systemdinstaller",
    "tcpkeepalive",
  ]
  pruneopts = "UT"
  revision = "b30acd36f42adb55b113070ee29ce6fc06c9e861"

[[projects]]
  branch = "master"
  digest = "1:f600d839e8836e3ab3c3ddac0b3c71d029d1d52e2a907b7c6022b0690f7f44b3"
  name = "github.com/function61/holepunch-server"
  packages = ["pkg/wsconnadapter"]
  pruneopts = "UT"
  revision = "63c4b820d6db20c797f7627adcf3ee15165e3d90"

[[projects]]
  digest = "1:7b5c6e2eeaa9ae5907c391a91c132abfd5c9e8a784a341b5625e750c67e6825d"
  name = "github.com/gorilla/websocket"
  packages = ["."]
  pruneopts = "UT"
  revision = "66b9c49e59c6c48f0ffce28c2d8b8a5678502c6d"
  version = "v1.4.0"

[[projects]]
  digest = "1:870d441fe217b8e689d7949fef6e43efbc787e50f200cb1e70dbca9204a1d6be"
  name = "github.com/inconshreveable/mousetrap"
  packages = ["."]
  pruneopts = "UT"
  revision = "76626ae9c91c4f2a10f34cad8ce83ea42c93bb75"
  version = "v1.0"

[[projects]]
  digest = "1:645cabccbb4fa8aab25a956cbcbdf6a6845ca736b2c64e197ca7cbb9d210b939"
  name = "github.com/spf13/cobra"
  packages = ["."]
  pruneopts = "UT"
  revision = "ef82de70bb3f60c65fb8eebacbb2d122ef517385"
  version = "v0.0.3"

[[projects]]
  digest = "1:c1b1102241e7f645bc8e0c22ae352e8f0dc6484b6cb4d132fa9f24174e0119e2"
  name = "github.com/spf13/pflag"
  packages = ["."]
  pruneopts = "UT"
  revision = "298182f68c66c05229eb03ac171abe6e309ee79a"
  version = "v1.0.3"

[[projects]]
  branch = "master"
  digest = "1:2464e24610e1cdab712d3955745c0da6d1d26c50d6a7aecf61ebe07e68d2ec4d"
  name = "golang.org/x/crypto"
  packages = [
    "curve25519",
    "ed25519",
    "ed25519/internal/edwards25519",
    "internal/chacha20",
    "internal/subtle",
    "poly1305",
    "ssh",
  ]
  pruneopts = "UT"
  revision = "a92615f3c49003920a58dedcf32cf55022cefb8d"

[solve-meta]
  analyzer-name = "dep"
  analyzer-version = 1
  input-imports = [
    "github.com/function61/gokit/backoff",
    "github.com/function61/gokit/bidipipe",
    "github.com/function61/gokit/dynversion",
    "github.com/function61/gokit/jsonfile",
    "github.com/function61/gokit/logex",
    "github.com/function61/gokit/ossignal",
    "github.com/function61/gokit/systemdinstaller",
    "github.com/function61/gokit/tcpkeepalive",
    "github.com/function61/holepunch-server/pkg/wsconnadapter",
    "github.com/gorilla/websocket",
    "github.com/spf13/cobra",
    "golang.org/x/crypto/ssh",
  ]
  solver-name = "gps-cdcl"
  solver-version = 1
